
Microsoft Visual Studio Solution File, Format Version 12.00
# Visual Studio Version 17
VisualStudioVersion = 17.4.33103.184
MinimumVisualStudioVersion = 10.0.40219.1
Project("{FAE04EC0-301F-11D3-BF4B-00C04F79EFBC}") = "KattiCDN", "KattiCDN\KattiCDN.csproj", "{47973483-CEEE-41B6-B98A-F9CCF7D757AB}"
EndProject
Global
	GlobalSection(SolutionConfigurationPlatforms) = preSolution
		Debug|Any CPU = Debug|Any CPU
		Release|Any CPU = Release|Any CPU
	EndGlobalSection
	GlobalSection(ProjectConfigurationPlatforms) = postSolution
		{47973483-CEEE-41B6-B98A-F9CCF7D757AB}.Debug|Any CPU.ActiveCfg = Debug|Any CPU
		{47973483-CEEE-41B6-B98A-F9CCF7D757AB}.Debug|Any CPU.Build.0 = Debug|Any CPU
		{47973483-CEEE-41B6-B98A-F9CCF7D757AB}.Release|Any CPU.ActiveCfg = Release|Any CPU
		{47973483-CEEE-41B6-B98A-F9CCF7D757AB}.Release|Any CPU.Build.0 = Release|Any CPU
	EndGlobalSection
	GlobalSection(SolutionProperties) = preSolution
		HideSolutionNode = FALSE
	EndGlobalSection
	GlobalSection(ExtensibilityGlobals) = postSolution
		SolutionGuid = {5305260C-D899-4AD2-AFC2-D26E1E3767A1}
	EndGlobalSection
EndGlobal
